
Microsoft Visual Studio Solution File, Format Version 12.00
# Visual Studio Version 17
VisualStudioVersion = 17.10.35827.194
MinimumVisualStudioVersion = 10.0.40219.1
Project("{FAE04EC0-301F-11D3-BF4B-00C04F79EFBC}") = "MiniJira.Server", "MiniJira.Server\MiniJira.Server.csproj", "{55C85849-C8E1-4C87-820D-C5C969453428}"
EndProject
Project("{54A90642-561A-4BB1-A94E-469ADEE60C69}") = "minijira.client", "minijira.client\minijira.client.esproj", "{454DD102-2453-43EF-9E6F-4059E866E5F2}"
EndProject
Global
	GlobalSection(SolutionConfigurationPlatforms) = preSolution
		Debug|Any CPU = Debug|Any CPU
		Release|Any CPU = Release|Any CPU
	EndGlobalSection
	GlobalSection(ProjectConfigurationPlatforms) = postSolution
		{55C85849-C8E1-4C87-820D-C5C969453428}.Debug|Any CPU.ActiveCfg = Debug|Any CPU
		{55C85849-C8E1-4C87-820D-C5C969453428}.Debug|Any CPU.Build.0 = Debug|Any CPU
		{55C85849-C8E1-4C87-820D-C5C969453428}.Release|Any CPU.ActiveCfg = Release|Any CPU
		{55C85849-C8E1-4C87-820D-C5C969453428}.Release|Any CPU.Build.0 = Release|Any CPU
		{454DD102-2453-43EF-9E6F-4059E866E5F2}.Debug|Any CPU.ActiveCfg = Debug|Any CPU
		{454DD102-2453-43EF-9E6F-4059E866E5F2}.Debug|Any CPU.Build.0 = Debug|Any CPU
		{454DD102-2453-43EF-9E6F-4059E866E5F2}.Debug|Any CPU.Deploy.0 = Debug|Any CPU
		{454DD102-2453-43EF-9E6F-4059E866E5F2}.Release|Any CPU.ActiveCfg = Release|Any CPU
		{454DD102-2453-43EF-9E6F-4059E866E5F2}.Release|Any CPU.Build.0 = Release|Any CPU
		{454DD102-2453-43EF-9E6F-4059E866E5F2}.Release|Any CPU.Deploy.0 = Release|Any CPU
	EndGlobalSection
	GlobalSection(SolutionProperties) = preSolution
		HideSolutionNode = FALSE
	EndGlobalSection
	GlobalSection(ExtensibilityGlobals) = postSolution
		SolutionGuid = {0105F5F8-E9AA-411E-871C-2934AE601E95}
	EndGlobalSection
EndGlobal
