
Microsoft Visual Studio Solution File, Format Version 12.00
# Visual Studio Version 17
VisualStudioVersion = 17.10.35728.63
MinimumVisualStudioVersion = 10.0.40219.1
Project("{FAE04EC0-301F-11D3-BF4B-00C04F79EFBC}") = "MiniJira.Server", "MiniJira.Server\MiniJira.Server.csproj", "{02C1EB8D-5409-46E5-AA3A-A5348BAA8405}"
EndProject
Project("{54A90642-561A-4BB1-A94E-469ADEE60C69}") = "minijira.client", "minijira.client\minijira.client.esproj", "{CE2B9928-1559-459D-8269-DA6A32ADA47C}"
EndProject
Global
	GlobalSection(SolutionConfigurationPlatforms) = preSolution
		Debug|Any CPU = Debug|Any CPU
		Release|Any CPU = Release|Any CPU
	EndGlobalSection
	GlobalSection(ProjectConfigurationPlatforms) = postSolution
		{02C1EB8D-5409-46E5-AA3A-A5348BAA8405}.Debug|Any CPU.ActiveCfg = Debug|Any CPU
		{02C1EB8D-5409-46E5-AA3A-A5348BAA8405}.Debug|Any CPU.Build.0 = Debug|Any CPU
		{02C1EB8D-5409-46E5-AA3A-A5348BAA8405}.Release|Any CPU.ActiveCfg = Release|Any CPU
		{02C1EB8D-5409-46E5-AA3A-A5348BAA8405}.Release|Any CPU.Build.0 = Release|Any CPU
		{CE2B9928-1559-459D-8269-DA6A32ADA47C}.Debug|Any CPU.ActiveCfg = Debug|Any CPU
		{CE2B9928-1559-459D-8269-DA6A32ADA47C}.Debug|Any CPU.Build.0 = Debug|Any CPU
		{CE2B9928-1559-459D-8269-DA6A32ADA47C}.Debug|Any CPU.Deploy.0 = Debug|Any CPU
		{CE2B9928-1559-459D-8269-DA6A32ADA47C}.Release|Any CPU.ActiveCfg = Release|Any CPU
		{CE2B9928-1559-459D-8269-DA6A32ADA47C}.Release|Any CPU.Build.0 = Release|Any CPU
		{CE2B9928-1559-459D-8269-DA6A32ADA47C}.Release|Any CPU.Deploy.0 = Release|Any CPU
	EndGlobalSection
	GlobalSection(SolutionProperties) = preSolution
		HideSolutionNode = FALSE
	EndGlobalSection
	GlobalSection(ExtensibilityGlobals) = postSolution
		SolutionGuid = {22710A80-AC0E-4029-AE82-3FCA77879F39}
	EndGlobalSection
EndGlobal
